// !$*UTF8*$!
{
	archiveVersion = 1;
	classes = {
	};
	objectVersion = 50;
	objects = {

/* Begin PBXBuildFile section */
		DC6B27F220BE1CDC0006D3F8 /* AppDelegate.swift in Sources */ = {isa = PBXBuildFile; fileRef = DC6B27F120BE1CDC0006D3F8 /* AppDelegate.swift */; };
		DC6B27F720BE1CDC0006D3F8 /* Main.storyboard in Resources */ = {isa = PBXBuildFile; fileRef = DC6B27F520BE1CDC0006D3F8 /* Main.storyboard */; };
		DC6B27F920BE1CDD0006D3F8 /* Assets.xcassets in Resources */ = {isa = PBXBuildFile; fileRef = DC6B27F820BE1CDD0006D3F8 /* Assets.xcassets */; };
		DC6B27FC20BE1CDD0006D3F8 /* LaunchScreen.storyboard in Resources */ = {isa = PBXBuildFile; fileRef = DC6B27FA20BE1CDD0006D3F8 /* LaunchScreen.storyboard */; };
		DC6B280420BF77390006D3F8 /* PlaceFinderViewController.swift in Sources */ = {isa = PBXBuildFile; fileRef = DC6B280320BF77390006D3F8 /* PlaceFinderViewController.swift */; };
		EDD0F94B20C0985B0032E3AC /* MapViewController.swift in Sources */ = {isa = PBXBuildFile; fileRef = EDD0F94A20C0985B0032E3AC /* MapViewController.swift */; };
		EDD0F94D20C0DB590032E3AC /* Place.swift in Sources */ = {isa = PBXBuildFile; fileRef = EDD0F94C20C0DB590032E3AC /* Place.swift */; };
		EDF5B18F20BECC670028E0E6 /* PlacesTableViewController.swift in Sources */ = {isa = PBXBuildFile; fileRef = EDF5B18E20BECC670028E0E6 /* PlacesTableViewController.swift */; };
/* End PBXBuildFile section */

/* Begin PBXFileReference section */
		DC6B27EE20BE1CDC0006D3F8 /* QueroConhecer.app */ = {isa = PBXFileReference; explicitFileType = wrapper.application; includeInIndex = 0; path = QueroConhecer.app; sourceTree = BUILT_PRODUCTS_DIR; };
		DC6B27F120BE1CDC0006D3F8 /* AppDelegate.swift */ = {isa = PBXFileReference; lastKnownFileType = sourcecode.swift; path = AppDelegate.swift; sourceTree = "<group>"; };
		DC6B27F620BE1CDC0006D3F8 /* Base */ = {isa = PBXFileReference; lastKnownFileType = file.storyboard; name = Base; path = Base.lproj/Main.storyboard; sourceTree = "<group>"; };
		DC6B27F820BE1CDD0006D3F8 /* Assets.xcassets */ = {isa = PBXFileReference; lastKnownFileType = folder.assetcatalog; path = Assets.xcassets; sourceTree = "<group>"; };
		DC6B27FB20BE1CDD0006D3F8 /* Base */ = {isa = PBXFileReference; lastKnownFileType = file.storyboard; name = Base; path = Base.lproj/LaunchScreen.storyboard; sourceTree = "<group>"; };
		DC6B27FD20BE1CDD0006D3F8 /* Info.plist */ = {isa = PBXFileReference; lastKnownFileType = text.plist.xml; path = Info.plist; sourceTree = "<group>"; };
		DC6B280320BF77390006D3F8 /* PlaceFinderViewController.swift */ = {isa = PBXFileReference; lastKnownFileType = sourcecode.swift; path = PlaceFinderViewController.swift; sourceTree = "<group>"; };
		EDD0F94A20C0985B0032E3AC /* MapViewController.swift */ = {isa = PBXFileReference; lastKnownFileType = sourcecode.swift; path = MapViewController.swift; sourceTree = "<group>"; };
		EDD0F94C20C0DB590032E3AC /* Place.swift */ = {isa = PBXFileReference; lastKnownFileType = sourcecode.swift; path = Place.swift; sourceTree = "<group>"; };
		EDF5B18E20BECC670028E0E6 /* PlacesTableViewController.swift */ = {isa = PBXFileReference; lastKnownFileType = sourcecode.swift; path = PlacesTableViewController.swift; sourceTree = "<group>"; };
/* End PBXFileReference section */

/* Begin PBXFrameworksBuildPhase section */
		DC6B27EB20BE1CDC0006D3F8 /* Frameworks */ = {
			isa = PBXFrameworksBuildPhase;
			buildActionMask = 2147483647;
			files = (
			);
			runOnlyForDeploymentPostprocessing = 0;
		};
/* End PBXFrameworksBuildPhase section */

/* Begin PBXGroup section */
		DC6B27E520BE1CDC0006D3F8 = {
			isa = PBXGroup;
			children = (
				DC6B27F020BE1CDC0006D3F8 /* QueroConhecer */,
				DC6B27EF20BE1CDC0006D3F8 /* Products */,
			);
			sourceTree = "<group>";
		};
		DC6B27EF20BE1CDC0006D3F8 /* Products */ = {
			isa = PBXGroup;
			children = (
				DC6B27EE20BE1CDC0006D3F8 /* QueroConhecer.app */,
			);
			name = Products;
			sourceTree = "<group>";
		};
		DC6B27F020BE1CDC0006D3F8 /* QueroConhecer */ = {
			isa = PBXGroup;
			children = (
				DC6B27F120BE1CDC0006D3F8 /* AppDelegate.swift */,
				EDF5B18C20BECB700028E0E6 /* Models */,
				EDF5B18B20BECB540028E0E6 /* Views */,
				EDF5B18D20BECB790028E0E6 /* Controllers */,
				DC6B27F820BE1CDD0006D3F8 /* Assets.xcassets */,
				DC6B27FD20BE1CDD0006D3F8 /* Info.plist */,
			);
			path = QueroConhecer;
			sourceTree = "<group>";
		};
		EDF5B18B20BECB540028E0E6 /* Views */ = {
			isa = PBXGroup;
			children = (
				DC6B27F520BE1CDC0006D3F8 /* Main.storyboard */,
				DC6B27FA20BE1CDD0006D3F8 /* LaunchScreen.storyboard */,
			);
			path = Views;
			sourceTree = "<group>";
		};
		EDF5B18C20BECB700028E0E6 /* Models */ = {
			isa = PBXGroup;
			children = (
				EDD0F94C20C0DB590032E3AC /* Place.swift */,
			);
			path = Models;
			sourceTree = "<group>";
		};
		EDF5B18D20BECB790028E0E6 /* Controllers */ = {
			isa = PBXGroup;
			children = (
				EDF5B18E20BECC670028E0E6 /* PlacesTableViewController.swift */,
				DC6B280320BF77390006D3F8 /* PlaceFinderViewController.swift */,
				EDD0F94A20C0985B0032E3AC /* MapViewController.swift */,
			);
			path = Controllers;
			sourceTree = "<group>";
		};
/* End PBXGroup section */

/* Begin PBXNativeTarget section */
		DC6B27ED20BE1CDC0006D3F8 /* QueroConhecer */ = {
			isa = PBXNativeTarget;
			buildConfigurationList = DC6B280020BE1CDD0006D3F8 /* Build configuration list for PBXNativeTarget "QueroConhecer" */;
			buildPhases = (
				DC6B27EA20BE1CDC0006D3F8 /* Sources */,
				DC6B27EB20BE1CDC0006D3F8 /* Frameworks */,
				DC6B27EC20BE1CDC0006D3F8 /* Resources */,
			);
			buildRules = (
			);
			dependencies = (
			);
			name = QueroConhecer;
			productName = QueroConhecer;
			productReference = DC6B27EE20BE1CDC0006D3F8 /* QueroConhecer.app */;
			productType = "com.apple.product-type.application";
		};
/* End PBXNativeTarget section */

/* Begin PBXProject section */
		DC6B27E620BE1CDC0006D3F8 /* Project object */ = {
			isa = PBXProject;
			attributes = {
				LastSwiftUpdateCheck = 0940;
				LastUpgradeCheck = 0940;
				ORGANIZATIONNAME = "CESAR School";
				TargetAttributes = {
					DC6B27ED20BE1CDC0006D3F8 = {
						CreatedOnToolsVersion = 9.4;
					};
				};
			};
			buildConfigurationList = DC6B27E920BE1CDC0006D3F8 /* Build configuration list for PBXProject "QueroConhecer" */;
			compatibilityVersion = "Xcode 9.3";
			developmentRegion = en;
			hasScannedForEncodings = 0;
			knownRegions = (
				en,
				Base,
			);
			mainGroup = DC6B27E520BE1CDC0006D3F8;
			productRefGroup = DC6B27EF20BE1CDC0006D3F8 /* Products */;
			projectDirPath = "";
			projectRoot = "";
			targets = (
				DC6B27ED20BE1CDC0006D3F8 /* QueroConhecer */,
			);
		};
/* End PBXProject section */

/* Begin PBXResourcesBuildPhase section */
		DC6B27EC20BE1CDC0006D3F8 /* Resources */ = {
			isa = PBXResourcesBuildPhase;
			buildActionMask = 2147483647;
			files = (
				DC6B27FC20BE1CDD0006D3F8 /* LaunchScreen.storyboard in Resources */,
				DC6B27F920BE1CDD0006D3F8 /* Assets.xcassets in Resources */,
				DC6B27F720BE1CDC0006D3F8 /* Main.storyboard in Resources */,
			);
			runOnlyForDeploymentPostprocessing = 0;
		};
/* End PBXResourcesBuildPhase section */

/* Begin PBXSourcesBuildPhase section */
		DC6B27EA20BE1CDC0006D3F8 /* Sources */ = {
			isa = PBXSourcesBuildPhase;
			buildActionMask = 2147483647;
			files = (
				DC6B280420BF77390006D3F8 /* PlaceFinderViewController.swift in Sources */,
				DC6B27F220BE1CDC0006D3F8 /* AppDelegate.swift in Sources */,
				EDF5B18F20BECC670028E0E6 /* PlacesTableViewController.swift in Sources */,
				EDD0F94B20C0985B0032E3AC /* MapViewController.swift in Sources */,
				EDD0F94D20C0DB590032E3AC /* Place.swift in Sources */,
			);
			runOnlyForDeploymentPostprocessing = 0;
		};
/* End PBXSourcesBuildPhase section */

/* Begin PBXVariantGroup section */
		DC6B27F520BE1CDC0006D3F8 /* Main.storyboard */ = {
			isa = PBXVariantGroup;
			children = (
				DC6B27F620BE1CDC0006D3F8 /* Base */,
			);
			name = Main.storyboard;
			sourceTree = "<group>";
		};
		DC6B27FA20BE1CDD0006D3F8 /* LaunchScreen.storyboard */ = {
			isa = PBXVariantGroup;
			children = (
				DC6B27FB20BE1CDD0006D3F8 /* Base */,
			);
			name = LaunchScreen.storyboard;
			sourceTree = "<group>";
		};
/* End PBXVariantGroup section */

/* Begin XCBuildConfiguration section */
		DC6B27FE20BE1CDD0006D3F8 /* Debug */ = {
			isa = XCBuildConfiguration;
			buildSettings = {
				ALWAYS_SEARCH_USER_PATHS = NO;
				CLANG_ANALYZER_NONNULL = YES;
				CLANG_ANALYZER_NUMBER_OBJECT_CONVERSION = YES_AGGRESSIVE;
				CLANG_CXX_LANGUAGE_STANDARD = "gnu++14";
				CLANG_CXX_LIBRARY = "libc++";
				CLANG_ENABLE_MODULES = YES;
				CLANG_ENABLE_OBJC_ARC = YES;
				CLANG_ENABLE_OBJC_WEAK = YES;
				CLANG_WARN_BLOCK_CAPTURE_AUTORELEASING = YES;
				CLANG_WARN_BOOL_CONVERSION = YES;
				CLANG_WARN_COMMA = YES;
				CLANG_WARN_CONSTANT_CONVERSION = YES;
				CLANG_WARN_DEPRECATED_OBJC_IMPLEMENTATIONS = YES;
				CLANG_WARN_DIRECT_OBJC_ISA_USAGE = YES_ERROR;
				CLANG_WARN_DOCUMENTATION_COMMENTS = YES;
				CLANG_WARN_EMPTY_BODY = YES;
				CLANG_WARN_ENUM_CONVERSION = YES;
				CLANG_WARN_INFINITE_RECURSION = YES;
				CLANG_WARN_INT_CONVERSION = YES;
				CLANG_WARN_NON_LITERAL_NULL_CONVERSION = YES;
				CLANG_WARN_OBJC_IMPLICIT_RETAIN_SELF = YES;
				CLANG_WARN_OBJC_LITERAL_CONVERSION = YES;
				CLANG_WARN_OBJC_ROOT_CLASS = YES_ERROR;
				CLANG_WARN_RANGE_LOOP_ANALYSIS = YES;
				CLANG_WARN_STRICT_PROTOTYPES = YES;
				CLANG_WARN_SUSPICIOUS_MOVE = YES;
				CLANG_WARN_UNGUARDED_AVAILABILITY = YES_AGGRESSIVE;
				CLANG_WARN_UNREACHABLE_CODE = YES;
				CLANG_WARN__DUPLICATE_METHOD_MATCH = YES;
				CODE_SIGN_IDENTITY = "iPhone Developer";
				COPY_PHASE_STRIP = NO;
				DEBUG_INFORMATION_FORMAT = dwarf;
				ENABLE_STRICT_OBJC_MSGSEND = YES;
				ENABLE_TESTABILITY = YES;
				GCC_C_LANGUAGE_STANDARD = gnu11;
				GCC_DYNAMIC_NO_PIC = NO;
				GCC_NO_COMMON_BLOCKS = YES;
				GCC_OPTIMIZATION_LEVEL = 0;
				GCC_PREPROCESSOR_DEFINITIONS = (
					"DEBUG=1",
					"$(inherited)",
				);
				GCC_WARN_64_TO_32_BIT_CONVERSION = YES;
				GCC_WARN_ABOUT_RETURN_TYPE = YES_ERROR;
				GCC_WARN_UNDECLARED_SELECTOR = YES;
				GCC_WARN_UNINITIALIZED_AUTOS = YES_AGGRESSIVE;
				GCC_WARN_UNUSED_FUNCTION = YES;
				GCC_WARN_UNUSED_VARIABLE = YES;
				IPHONEOS_DEPLOYMENT_TARGET = 11.4;
				MTL_ENABLE_DEBUG_INFO = YES;
				ONLY_ACTIVE_ARCH = YES;
				SDKROOT = iphoneos;
				SWIFT_ACTIVE_COMPILATION_CONDITIONS = DEBUG;
				SWIFT_OPTIMIZATION_LEVEL = "-Onone";
			};
			name = Debug;
		};
		DC6B27FF20BE1CDD0006D3F8 /* Release */ = {
			isa = XCBuildConfiguration;
			buildSettings = {
				ALWAYS_SEARCH_USER_PATHS = NO;
				CLANG_ANALYZER_NONNULL = YES;
				CLANG_ANALYZER_NUMBER_OBJECT_CONVERSION = YES_AGGRESSIVE;
				CLANG_CXX_LANGUAGE_STANDARD = "gnu++14";
				CLANG_CXX_LIBRARY = "libc++";
				CLANG_ENABLE_MODULES = YES;
				CLANG_ENABLE_OBJC_ARC = YES;
				CLANG_ENABLE_OBJC_WEAK = YES;
				CLANG_WARN_BLOCK_CAPTURE_AUTORELEASING = YES;
				CLANG_WARN_BOOL_CONVERSION = YES;
				CLANG_WARN_COMMA = YES;
				CLANG_WARN_CONSTANT_CONVERSION = YES;
				CLANG_WARN_DEPRECATED_OBJC_IMPLEMENTATIONS = YES;
				CLANG_WARN_DIRECT_OBJC_ISA_USAGE = YES_ERROR;
				CLANG_WARN_DOCUMENTATION_COMMENTS = YES;
				CLANG_WARN_EMPTY_BODY = YES;
				CLANG_WARN_ENUM_CONVERSION = YES;
				CLANG_WARN_INFINITE_RECURSION = YES;
				CLANG_WARN_INT_CONVERSION = YES;
				CLANG_WARN_NON_LITERAL_NULL_CONVERSION = YES;
				CLANG_WARN_OBJC_IMPLICIT_RETAIN_SELF = YES;
				CLANG_WARN_OBJC_LITERAL_CONVERSION = YES;
				CLANG_WARN_OBJC_ROOT_CLASS = YES_ERROR;
				CLANG_WARN_RANGE_LOOP_ANALYSIS = YES;
				CLANG_WARN_STRICT_PROTOTYPES = YES;
				CLANG_WARN_SUSPICIOUS_MOVE = YES;
				CLANG_WARN_UNGUARDED_AVAILABILITY = YES_AGGRESSIVE;
				CLANG_WARN_UNREACHABLE_CODE = YES;
				CLANG_WARN__DUPLICATE_METHOD_MATCH = YES;
				CODE_SIGN_IDENTITY = "iPhone Developer";
				COPY_PHASE_STRIP = NO;
				DEBUG_INFORMATION_FORMAT = "dwarf-with-dsym";
				ENABLE_NS_ASSERTIONS = NO;
				ENABLE_STRICT_OBJC_MSGSEND = YES;
				GCC_C_LANGUAGE_STANDARD = gnu11;
				GCC_NO_COMMON_BLOCKS = YES;
				GCC_WARN_64_TO_32_BIT_CONVERSION = YES;
				GCC_WARN_ABOUT_RETURN_TYPE = YES_ERROR;
				GCC_WARN_UNDECLARED_SELECTOR = YES;
				GCC_WARN_UNINITIALIZED_AUTOS = YES_AGGRESSIVE;
				GCC_WARN_UNUSED_FUNCTION = YES;
				GCC_WARN_UNUSED_VARIABLE = YES;
				IPHONEOS_DEPLOYMENT_TARGET = 11.4;
				MTL_ENABLE_DEBUG_INFO = NO;
				SDKROOT = iphoneos;
				SWIFT_COMPILATION_MODE = wholemodule;
				SWIFT_OPTIMIZATION_LEVEL = "-O";
				VALIDATE_PRODUCT = YES;
			};
			name = Release;
		};
		DC6B280120BE1CDD0006D3F8 /* Debug */ = {
			isa = XCBuildConfiguration;
			buildSettings = {
				ASSETCATALOG_COMPILER_APPICON_NAME = AppIcon;
				CODE_SIGN_STYLE = Automatic;
				INFOPLIST_FILE = QueroConhecer/Info.plist;
				LD_RUNPATH_SEARCH_PATHS = (
					"$(inherited)",
					"@executable_path/Frameworks",
				);
				PRODUCT_BUNDLE_IDENTIFIER = cesar.school.ios.2018.apps.QueroConhecer;
				PRODUCT_NAME = "$(TARGET_NAME)";
				SWIFT_VERSION = 4.0;
				TARGETED_DEVICE_FAMILY = 1;
			};
			name = Debug;
		};
		DC6B280220BE1CDD0006D3F8 /* Release */ = {
			isa = XCBuildConfiguration;
			buildSettings = {
				ASSETCATALOG_COMPILER_APPICON_NAME = AppIcon;
				CODE_SIGN_STYLE = Automatic;
				INFOPLIST_FILE = QueroConhecer/Info.plist;
				LD_RUNPATH_SEARCH_PATHS = (
					"$(inherited)",
					"@executable_path/Frameworks",
				);
				PRODUCT_BUNDLE_IDENTIFIER = cesar.school.ios.2018.apps.QueroConhecer;
				PRODUCT_NAME = "$(TARGET_NAME)";
				SWIFT_VERSION = 4.0;
				TARGETED_DEVICE_FAMILY = 1;
			};
			name = Release;
		};
/* End XCBuildConfiguration section */

/* Begin XCConfigurationList section */
		DC6B27E920BE1CDC0006D3F8 /* Build configuration list for PBXProject "QueroConhecer" */ = {
			isa = XCConfigurationList;
			buildConfigurations = (
				DC6B27FE20BE1CDD0006D3F8 /* Debug */,
				DC6B27FF20BE1CDD0006D3F8 /* Release */,
			);
			defaultConfigurationIsVisible = 0;
			defaultConfigurationName = Release;
		};
		DC6B280020BE1CDD0006D3F8 /* Build configuration list for PBXNativeTarget "QueroConhecer" */ = {
			isa = XCConfigurationList;
			buildConfigurations = (
				DC6B280120BE1CDD0006D3F8 /* Debug */,
				DC6B280220BE1CDD0006D3F8 /* Release */,
			);
			defaultConfigurationIsVisible = 0;
			defaultConfigurationName = Release;
		};
/* End XCConfigurationList section */
	};
	rootObject = DC6B27E620BE1CDC0006D3F8 /* Project object */;
}
